
Microsoft Visual Studio Solution File, Format Version 12.00
# Visual Studio Version 16
VisualStudioVersion = 16.0.34601.136
MinimumVisualStudioVersion = 10.0.40219.1
Project("{FAE04EC0-301F-11D3-BF4B-00C04F79EFBC}") = "LvnK22CNT1lesson10DB", "LvnK22CNT1lesson10DB\LvnK22CNT1lesson10DB.csproj", "{875E6BE4-1BFD-45F6-B654-9C8C17842536}"
EndProject
Global
	GlobalSection(SolutionConfigurationPlatforms) = preSolution
		Debug|Any CPU = Debug|Any CPU
		Release|Any CPU = Release|Any CPU
	EndGlobalSection
	GlobalSection(ProjectConfigurationPlatforms) = postSolution
		{875E6BE4-1BFD-45F6-B654-9C8C17842536}.Debug|Any CPU.ActiveCfg = Debug|Any CPU
		{875E6BE4-1BFD-45F6-B654-9C8C17842536}.Debug|Any CPU.Build.0 = Debug|Any CPU
		{875E6BE4-1BFD-45F6-B654-9C8C17842536}.Release|Any CPU.ActiveCfg = Release|Any CPU
		{875E6BE4-1BFD-45F6-B654-9C8C17842536}.Release|Any CPU.Build.0 = Release|Any CPU
	EndGlobalSection
	GlobalSection(SolutionProperties) = preSolution
		HideSolutionNode = FALSE
	EndGlobalSection
	GlobalSection(ExtensibilityGlobals) = postSolution
		SolutionGuid = {5F610BF2-632C-4048-B4D5-3140A9AF151B}
	EndGlobalSection
EndGlobal
